
Microsoft Visual Studio Solution File, Format Version 12.00
# Visual Studio Version 17
VisualStudioVersion = 17.0.31903.59
MinimumVisualStudioVersion = 10.0.40219.1
Project("{FAE04EC0-301F-11D3-BF4B-00C04F79EFBC}") = "TodoApp.Api", "TodoApp.Api\TodoApp.Api.csproj", "{48D27301-089D-477C-984E-05916BC2E8E5}"
EndProject
Project("{FAE04EC0-301F-11D3-BF4B-00C04F79EFBC}") = "TodoApp.Tests", "TodoApp.Tests\TodoApp.Tests.csproj", "{FB75C6A8-8DA9-4603-8019-DC34C65E27BB}"
EndProject
Global
	GlobalSection(SolutionConfigurationPlatforms) = preSolution
		Debug|Any CPU = Debug|Any CPU
		Debug|x64 = Debug|x64
		Debug|x86 = Debug|x86
		Release|Any CPU = Release|Any CPU
		Release|x64 = Release|x64
		Release|x86 = Release|x86
	EndGlobalSection
	GlobalSection(ProjectConfigurationPlatforms) = postSolution
		{48D27301-089D-477C-984E-05916BC2E8E5}.Debug|Any CPU.ActiveCfg = Debug|Any CPU
		{48D27301-089D-477C-984E-05916BC2E8E5}.Debug|Any CPU.Build.0 = Debug|Any CPU
		{48D27301-089D-477C-984E-05916BC2E8E5}.Debug|x64.ActiveCfg = Debug|Any CPU
		{48D27301-089D-477C-984E-05916BC2E8E5}.Debug|x64.Build.0 = Debug|Any CPU
		{48D27301-089D-477C-984E-05916BC2E8E5}.Debug|x86.ActiveCfg = Debug|Any CPU
		{48D27301-089D-477C-984E-05916BC2E8E5}.Debug|x86.Build.0 = Debug|Any CPU
		{48D27301-089D-477C-984E-05916BC2E8E5}.Release|Any CPU.ActiveCfg = Release|Any CPU
		{48D27301-089D-477C-984E-05916BC2E8E5}.Release|Any CPU.Build.0 = Release|Any CPU
		{48D27301-089D-477C-984E-05916BC2E8E5}.Release|x64.ActiveCfg = Release|Any CPU
		{48D27301-089D-477C-984E-05916BC2E8E5}.Release|x64.Build.0 = Release|Any CPU
		{48D27301-089D-477C-984E-05916BC2E8E5}.Release|x86.ActiveCfg = Release|Any CPU
		{48D27301-089D-477C-984E-05916BC2E8E5}.Release|x86.Build.0 = Release|Any CPU
		{FB75C6A8-8DA9-4603-8019-DC34C65E27BB}.Debug|Any CPU.ActiveCfg = Debug|Any CPU
		{FB75C6A8-8DA9-4603-8019-DC34C65E27BB}.Debug|Any CPU.Build.0 = Debug|Any CPU
		{FB75C6A8-8DA9-4603-8019-DC34C65E27BB}.Debug|x64.ActiveCfg = Debug|Any CPU
		{FB75C6A8-8DA9-4603-8019-DC34C65E27BB}.Debug|x64.Build.0 = Debug|Any CPU
		{FB75C6A8-8DA9-4603-8019-DC34C65E27BB}.Debug|x86.ActiveCfg = Debug|Any CPU
		{FB75C6A8-8DA9-4603-8019-DC34C65E27BB}.Debug|x86.Build.0 = Debug|Any CPU
		{FB75C6A8-8DA9-4603-8019-DC34C65E27BB}.Release|Any CPU.ActiveCfg = Release|Any CPU
		{FB75C6A8-8DA9-4603-8019-DC34C65E27BB}.Release|Any CPU.Build.0 = Release|Any CPU
		{FB75C6A8-8DA9-4603-8019-DC34C65E27BB}.Release|x64.ActiveCfg = Release|Any CPU
		{FB75C6A8-8DA9-4603-8019-DC34C65E27BB}.Release|x64.Build.0 = Release|Any CPU
		{FB75C6A8-8DA9-4603-8019-DC34C65E27BB}.Release|x86.ActiveCfg = Release|Any CPU
		{FB75C6A8-8DA9-4603-8019-DC34C65E27BB}.Release|x86.Build.0 = Release|Any CPU
	EndGlobalSection
	GlobalSection(SolutionProperties) = preSolution
		HideSolutionNode = FALSE
	EndGlobalSection
EndGlobal
